
Microsoft Visual Studio Solution File, Format Version 12.00
Project("{FAE04EC0-301F-11D3-BF4B-00C04F79EFBC}") = "SeyforDatabaseProject.View", "SeyforDatabaseProject.View\SeyforDatabaseProject.View.csproj", "{36449C3D-E45C-4D4F-8137-B047A7B9FEF1}"
EndProject
Project("{FAE04EC0-301F-11D3-BF4B-00C04F79EFBC}") = "SeyforDatabaseProject.Model", "SeyforDatabaseProject.Model\SeyforDatabaseProject.Model.csproj", "{11015A9A-BE26-4DF7-A495-F6618250D55D}"
EndProject
Project("{FAE04EC0-301F-11D3-BF4B-00C04F79EFBC}") = "SeyforDatabaseProject.ViewModel", "SeyforDatabaseProject.ViewModel\SeyforDatabaseProject.ViewModel.csproj", "{6BD13FA3-828F-4209-81CB-E58B5690B97F}"
EndProject
Global
	GlobalSection(SolutionConfigurationPlatforms) = preSolution
		Debug|Any CPU = Debug|Any CPU
		Release|Any CPU = Release|Any CPU
	EndGlobalSection
	GlobalSection(ProjectConfigurationPlatforms) = postSolution
		{36449C3D-E45C-4D4F-8137-B047A7B9FEF1}.Debug|Any CPU.ActiveCfg = Debug|Any CPU
		{36449C3D-E45C-4D4F-8137-B047A7B9FEF1}.Debug|Any CPU.Build.0 = Debug|Any CPU
		{36449C3D-E45C-4D4F-8137-B047A7B9FEF1}.Release|Any CPU.ActiveCfg = Release|Any CPU
		{36449C3D-E45C-4D4F-8137-B047A7B9FEF1}.Release|Any CPU.Build.0 = Release|Any CPU
		{11015A9A-BE26-4DF7-A495-F6618250D55D}.Debug|Any CPU.ActiveCfg = Debug|Any CPU
		{11015A9A-BE26-4DF7-A495-F6618250D55D}.Debug|Any CPU.Build.0 = Debug|Any CPU
		{11015A9A-BE26-4DF7-A495-F6618250D55D}.Release|Any CPU.ActiveCfg = Release|Any CPU
		{11015A9A-BE26-4DF7-A495-F6618250D55D}.Release|Any CPU.Build.0 = Release|Any CPU
		{6BD13FA3-828F-4209-81CB-E58B5690B97F}.Debug|Any CPU.ActiveCfg = Debug|Any CPU
		{6BD13FA3-828F-4209-81CB-E58B5690B97F}.Debug|Any CPU.Build.0 = Debug|Any CPU
		{6BD13FA3-828F-4209-81CB-E58B5690B97F}.Release|Any CPU.ActiveCfg = Release|Any CPU
		{6BD13FA3-828F-4209-81CB-E58B5690B97F}.Release|Any CPU.Build.0 = Release|Any CPU
	EndGlobalSection
EndGlobal
